
Microsoft Visual Studio Solution File, Format Version 12.00
# Visual Studio 15
VisualStudioVersion = 15.0.28010.2036
MinimumVisualStudioVersion = 10.0.40219.1
Project("{FAE04EC0-301F-11D3-BF4B-00C04F79EFBC}") = "WinFormPrueba", "WinFormPrueba\WinFormPrueba.csproj", "{A045CB2D-F621-4090-B2DB-863ACE245851}"
EndProject
Global
	GlobalSection(SolutionConfigurationPlatforms) = preSolution
		Debug|Any CPU = Debug|Any CPU
		Release|Any CPU = Release|Any CPU
	EndGlobalSection
	GlobalSection(ProjectConfigurationPlatforms) = postSolution
		{A045CB2D-F621-4090-B2DB-863ACE245851}.Debug|Any CPU.ActiveCfg = Debug|Any CPU
		{A045CB2D-F621-4090-B2DB-863ACE245851}.Debug|Any CPU.Build.0 = Debug|Any CPU
		{A045CB2D-F621-4090-B2DB-863ACE245851}.Release|Any CPU.ActiveCfg = Release|Any CPU
		{A045CB2D-F621-4090-B2DB-863ACE245851}.Release|Any CPU.Build.0 = Release|Any CPU
	EndGlobalSection
	GlobalSection(SolutionProperties) = preSolution
		HideSolutionNode = FALSE
	EndGlobalSection
	GlobalSection(ExtensibilityGlobals) = postSolution
		SolutionGuid = {AC8E291A-F702-4DF9-BA23-ADD335DDC549}
	EndGlobalSection
EndGlobal
